
Microsoft Visual Studio Solution File, Format Version 12.00
# Visual Studio Version 17
VisualStudioVersion = 17.14.36109.1 d17.14
MinimumVisualStudioVersion = 10.0.40219.1
Project("{8BC9CEB8-8B4A-11D0-8D11-00A0C91BC942}") = "Wielowatkowasc_4", "Wielowatkowasc_4\Wielowatkowasc_4.vcxproj", "{085CCBE5-9B4D-40DE-82E0-1915E1B90FDE}"
EndProject
Global
	GlobalSection(SolutionConfigurationPlatforms) = preSolution
		Debug|x64 = Debug|x64
		Debug|x86 = Debug|x86
		Release|x64 = Release|x64
		Release|x86 = Release|x86
	EndGlobalSection
	GlobalSection(ProjectConfigurationPlatforms) = postSolution
		{085CCBE5-9B4D-40DE-82E0-1915E1B90FDE}.Debug|x64.ActiveCfg = Debug|x64
		{085CCBE5-9B4D-40DE-82E0-1915E1B90FDE}.Debug|x64.Build.0 = Debug|x64
		{085CCBE5-9B4D-40DE-82E0-1915E1B90FDE}.Debug|x86.ActiveCfg = Debug|Win32
		{085CCBE5-9B4D-40DE-82E0-1915E1B90FDE}.Debug|x86.Build.0 = Debug|Win32
		{085CCBE5-9B4D-40DE-82E0-1915E1B90FDE}.Release|x64.ActiveCfg = Release|x64
		{085CCBE5-9B4D-40DE-82E0-1915E1B90FDE}.Release|x64.Build.0 = Release|x64
		{085CCBE5-9B4D-40DE-82E0-1915E1B90FDE}.Release|x86.ActiveCfg = Release|Win32
		{085CCBE5-9B4D-40DE-82E0-1915E1B90FDE}.Release|x86.Build.0 = Release|Win32
	EndGlobalSection
	GlobalSection(SolutionProperties) = preSolution
		HideSolutionNode = FALSE
	EndGlobalSection
	GlobalSection(ExtensibilityGlobals) = postSolution
		SolutionGuid = {69A8770E-F374-4B5F-B737-0CD4D4C96285}
	EndGlobalSection
EndGlobal
